# This file is automatically @generated by Poetry 2.0.1 and should not be changed by hand.

[[package]]
name = "pantograph"
version = "0.2.25"
description = "A machine-to-machine interaction system for Lean"
optional = false
python-versions = ">=3.9.0"
groups = ["main"]
files = [
    {file = "pantograph-0.2.25-cp313-cp313-macosx_15_0_arm64.whl", hash = "sha256:7bbe3ebdb94d07c17b2fb58f96102d38411e3fb127ee52a296f966f8afecd582"},
]

[package.dependencies]
pexpect = ">=4.9.0,<5.0.0"

[package.source]
type = "file"
url = "../PyPantograph/dist/pantograph-0.2.25-cp313-cp313-macosx_15_0_arm64.whl"

[[package]]
name = "pexpect"
version = "4.9.0"
description = "Pexpect allows easy control of interactive console applications."
optional = false
python-versions = "*"
groups = ["main"]
files = [
    {file = "pexpect-4.9.0-py2.py3-none-any.whl", hash = "sha256:7236d1e080e4936be2dc3e326cec0af72acf9212a7e1d060210e70a47e253523"},
    {file = "pexpect-4.9.0.tar.gz", hash = "sha256:ee7d41123f3c9911050ea2c2dac107568dc43b2d3b0c7557a33212c398ead30f"},
]

[package.dependencies]
ptyprocess = ">=0.5"

[[package]]
name = "ptyprocess"
version = "0.7.0"
description = "Run a subprocess in a pseudo terminal"
optional = false
python-versions = "*"
groups = ["main"]
files = [
    {file = "ptyprocess-0.7.0-py2.py3-none-any.whl", hash = "sha256:4b41f3967fce3af57cc7e94b888626c18bf37a083e3651ca8feeb66d492fef35"},
    {file = "ptyprocess-0.7.0.tar.gz", hash = "sha256:5c5d0a3b48ceee0b48485e0c26037c0acd7d29765ca3fbb5cb3831d347423220"},
]

[metadata]
lock-version = "2.1"
python-versions = "^3.11"
content-hash = "1d89d2347acc0d57ed27e4a5487105c81265ab980edebd9b576bb5bae12a8f57"
